
Microsoft Visual Studio Solution File, Format Version 12.00
# Visual Studio Version 17
VisualStudioVersion = 17.7.34202.233
MinimumVisualStudioVersion = 10.0.40219.1
Project("{FAE04EC0-301F-11D3-BF4B-00C04F79EFBC}") = "Nilai", "Nilai\Nilai.csproj", "{DF5C2D1F-5EC1-4701-8445-DEA631B04DB0}"
EndProject
Global
	GlobalSection(SolutionConfigurationPlatforms) = preSolution
		Debug|Any CPU = Debug|Any CPU
		Release|Any CPU = Release|Any CPU
	EndGlobalSection
	GlobalSection(ProjectConfigurationPlatforms) = postSolution
		{DF5C2D1F-5EC1-4701-8445-DEA631B04DB0}.Debug|Any CPU.ActiveCfg = Debug|Any CPU
		{DF5C2D1F-5EC1-4701-8445-DEA631B04DB0}.Debug|Any CPU.Build.0 = Debug|Any CPU
		{DF5C2D1F-5EC1-4701-8445-DEA631B04DB0}.Release|Any CPU.ActiveCfg = Release|Any CPU
		{DF5C2D1F-5EC1-4701-8445-DEA631B04DB0}.Release|Any CPU.Build.0 = Release|Any CPU
	EndGlobalSection
	GlobalSection(SolutionProperties) = preSolution
		HideSolutionNode = FALSE
	EndGlobalSection
	GlobalSection(ExtensibilityGlobals) = postSolution
		SolutionGuid = {0EDC7560-5638-429E-A806-573231151768}
	EndGlobalSection
EndGlobal
